
Microsoft Visual Studio Solution File, Format Version 12.00
# Visual Studio Version 16
VisualStudioVersion = 16.0.28803.452
MinimumVisualStudioVersion = 10.0.40219.1
Project("{FAE04EC0-301F-11D3-BF4B-00C04F79EFBC}") = "IntegationPaypal", "IntegationPaypal\IntegationPaypal.csproj", "{9935F538-DF95-4D33-9EA7-5C662A2BADD8}"
EndProject
Global
	GlobalSection(SolutionConfigurationPlatforms) = preSolution
		Debug|Any CPU = Debug|Any CPU
		Release|Any CPU = Release|Any CPU
	EndGlobalSection
	GlobalSection(ProjectConfigurationPlatforms) = postSolution
		{9935F538-DF95-4D33-9EA7-5C662A2BADD8}.Debug|Any CPU.ActiveCfg = Debug|Any CPU
		{9935F538-DF95-4D33-9EA7-5C662A2BADD8}.Debug|Any CPU.Build.0 = Debug|Any CPU
		{9935F538-DF95-4D33-9EA7-5C662A2BADD8}.Release|Any CPU.ActiveCfg = Release|Any CPU
		{9935F538-DF95-4D33-9EA7-5C662A2BADD8}.Release|Any CPU.Build.0 = Release|Any CPU
	EndGlobalSection
	GlobalSection(SolutionProperties) = preSolution
		HideSolutionNode = FALSE
	EndGlobalSection
	GlobalSection(ExtensibilityGlobals) = postSolution
		SolutionGuid = {0C092749-B3B6-4BFF-82D0-1743EB52E14C}
	EndGlobalSection
EndGlobal
